
Microsoft Visual Studio Solution File, Format Version 12.00
# Visual Studio Version 17
VisualStudioVersion = 17.11.35327.3
MinimumVisualStudioVersion = 10.0.40219.1
Project("{FAE04EC0-301F-11D3-BF4B-00C04F79EFBC}") = "TechChallenge.Common.SDK", "TechChallenge.Common.SDK\TechChallenge.Common.SDK.csproj", "{9C714415-F8B5-451A-9955-A26222003A44}"
EndProject
Global
	GlobalSection(SolutionConfigurationPlatforms) = preSolution
		Debug|Any CPU = Debug|Any CPU
		Release|Any CPU = Release|Any CPU
	EndGlobalSection
	GlobalSection(ProjectConfigurationPlatforms) = postSolution
		{9C714415-F8B5-451A-9955-A26222003A44}.Debug|Any CPU.ActiveCfg = Debug|Any CPU
		{9C714415-F8B5-451A-9955-A26222003A44}.Debug|Any CPU.Build.0 = Debug|Any CPU
		{9C714415-F8B5-451A-9955-A26222003A44}.Release|Any CPU.ActiveCfg = Release|Any CPU
		{9C714415-F8B5-451A-9955-A26222003A44}.Release|Any CPU.Build.0 = Release|Any CPU
	EndGlobalSection
	GlobalSection(SolutionProperties) = preSolution
		HideSolutionNode = FALSE
	EndGlobalSection
	GlobalSection(ExtensibilityGlobals) = postSolution
		SolutionGuid = {AD8387D7-E7D0-451C-B78C-01379457BD09}
	EndGlobalSection
EndGlobal
